{
  "lockfile_version": "1",
  "packages": {
    "awscli2@2.15.43": {
      "last_modified": "2024-05-25T15:35:15Z",
      "resolved": "github:NixOS/nixpkgs/c5187508b11177ef4278edf19616f44f21cc8c69#awscli2",
      "source": "devbox-search",
      "version": "2.15.43",
      "systems": {
        "aarch64-darwin": {
          "outputs": [
            {
              "name": "out",
              "path": "/nix/store/94adm5k020fiw5mc6bnm8w7gl7yclf4y-awscli2-2.15.43",
              "default": true
            },
            {
              "name": "dist",
              "path": "/nix/store/zygknpavyqkqk061bjsc69vlp068wj1m-awscli2-2.15.43-dist"
            }
          ],
          "store_path": "/nix/store/94adm5k020fiw5mc6bnm8w7gl7yclf4y-awscli2-2.15.43"
        },
        "aarch64-linux": {
          "outputs": [
            {
              "name": "out",
              "path": "/nix/store/pjjzgagkgmgd3pxdgkvxc71mfxmixmdp-awscli2-2.15.43",
              "default": true
            },
            {
              "name": "dist",
              "path": "/nix/store/j3slqwyig22krwpdj6qbas6pkhkf8x5s-awscli2-2.15.43-dist"
            }
          ],
          "store_path": "/nix/store/pjjzgagkgmgd3pxdgkvxc71mfxmixmdp-awscli2-2.15.43"
        },
        "x86_64-darwin": {
          "outputs": [
            {
              "name": "out",
              "path": "/nix/store/ml4hq16jybr2lvcw183jx9wg43bqir8v-awscli2-2.15.43",
              "default": true
            },
            {
              "name": "dist",
              "path": "/nix/store/6jz50ld8x7kybcfbra15b2pr5ycviwnz-awscli2-2.15.43-dist"
            }
          ],
          "store_path": "/nix/store/ml4hq16jybr2lvcw183jx9wg43bqir8v-awscli2-2.15.43"
        },
        "x86_64-linux": {
          "outputs": [
            {
              "name": "out",
              "path": "/nix/store/fxq7h5gfcfvml9nldd6wi01fi528yh09-awscli2-2.15.43",
              "default": true
            },
            {
              "name": "dist",
              "path": "/nix/store/lpqv0164469c9l1z4yy8mgcfp2h3raf9-awscli2-2.15.43-dist"
            }
          ],
          "store_path": "/nix/store/fxq7h5gfcfvml9nldd6wi01fi528yh09-awscli2-2.15.43"
        }
      }
    },
    "iterm2@3.5.2": {
      "last_modified": "2024-07-07T07:43:47Z",
      "resolved": "github:NixOS/nixpkgs/b60793b86201040d9dee019a05089a9150d08b5b#iterm2",
      "source": "devbox-search",
      "version": "3.5.2",
      "systems": {
        "aarch64-darwin": {
          "outputs": [
            {
              "name": "out",
              "path": "/nix/store/x10flnxga3cilfj1qfy5jf3j2bngv7v9-iterm2-3.5.2",
              "default": true
            }
          ],
          "store_path": "/nix/store/x10flnxga3cilfj1qfy5jf3j2bngv7v9-iterm2-3.5.2"
        },
        "x86_64-darwin": {
          "outputs": [
            {
              "name": "out",
              "path": "/nix/store/96k6k5m3j1gl9430zjkvkm4qi9znw2zr-iterm2-3.5.2",
              "default": true
            }
          ],
          "store_path": "/nix/store/96k6k5m3j1gl9430zjkvkm4qi9znw2zr-iterm2-3.5.2"
        }
      }
    }
  }
}
